{
    "_readme": [
        "This file locks the dependencies of your project to a known state",
        "Read more about it at https://getcomposer.org/doc/01-basic-usage.md#installing-dependencies",
        "This file is @generated automatically"
    ],
    "content-hash": "f9d910949ba305330524844687e3a05e",
    "packages": [
        {
            "name": "aliyuncs/oss-sdk-php",
            "version": "v2.6.0",
            "source": {
                "type": "git",
                "url": "https://github.com/aliyun/aliyun-oss-php-sdk.git",
                "reference": "572d0f8e099e8630ae7139ed3fdedb926c7a760f"
            },
            "dist": {
                "type": "zip",
                "url": "https://api.github.com/repos/aliyun/aliyun-oss-php-sdk/zipball/572d0f8e099e8630ae7139ed3fdedb926c7a760f",
                "reference": "572d0f8e099e8630ae7139ed3fdedb926c7a760f",
                "shasum": "",
                "mirrors": [
                    {
                        "url": "https://mirrors.aliyun.com/composer/dists/%package%/%reference%.%type%",
                        "preferred": true
                    }
                ]
            },
            "require": {
                "php": ">=5.3"
            },
            "require-dev": {
                "phpunit/phpunit": "*",
                "satooshi/php-coveralls": "*"
            },
            "type": "library",
            "autoload": {
                "psr-4": {
                    "OSS\\": "src/OSS"
                }
            },
            "notification-url": "https://packagist.org/downloads/",
            "license": [
                "MIT"
            ],
            "authors": [
                {
                    "name": "Aliyuncs",
                    "homepage": "http://www.aliyun.com"
                }
            ],
            "description": "Aliyun OSS SDK for PHP",
            "homepage": "http://www.aliyun.com/product/oss/",
            "support": {
                "issues": "https://github.com/aliyun/aliyun-oss-php-sdk/issues",
                "source": "https://github.com/aliyun/aliyun-oss-php-sdk/tree/v2.6.0"
            },
            "time": "2022-08-03T08:06:01+00:00"
        },
        {
            "name": "leftsky/php-help",
            "version": "0.0.3",
            "source": {
                "type": "git",
                "url": "https://github.com/leftsky/php-help.git",
                "reference": "60405c437629dbcaa769424c5caa55cf119d7666"
            },
            "dist": {
                "type": "zip",
                "url": "https://api.github.com/repos/leftsky/php-help/zipball/60405c437629dbcaa769424c5caa55cf119d7666",
                "reference": "60405c437629dbcaa769424c5caa55cf119d7666",
                "shasum": "",
                "mirrors": [
                    {
                        "url": "https://mirrors.aliyun.com/composer/dists/%package%/%reference%.%type%",
                        "preferred": true
                    }
                ]
            },
            "require": {
                "ext-json": "*",
                "php": "^7.3|^8.0"
            },
            "type": "library",
            "autoload": {
                "files": [
                    "src/helps.php"
                ],
                "psr-4": {
                    "Leftsky\\Helps\\": "src/"
                }
            },
            "notification-url": "https://packagist.org/downloads/",
            "license": [
                "MIT"
            ],
            "authors": [
                {
                    "name": "leftsky",
                    "email": "leftsky@vip.qq.com"
                }
            ],
            "description": "PHP帮助函数",
            "support": {
                "issues": "https://github.com/leftsky/php-help/issues",
                "source": "https://github.com/leftsky/php-help/tree/0.0.3"
            },
            "time": "2022-12-04T07:00:41+00:00"
        }
    ],
    "packages-dev": [],
    "aliases": [],
    "minimum-stability": "stable",
    "stability-flags": [],
    "prefer-stable": false,
    "prefer-lowest": false,
    "platform": {
        "php": "^8.0|^7.3",
        "ext-json": "*"
    },
    "platform-dev": [],
    "plugin-api-version": "2.1.0"
}
